<?xml version="1.0" encoding="utf-8"?>
<Project ToolsVersion="4.0" xmlns="http://schemas.microsoft.com/developer/msbuild/2003">
  <ItemGroup>
    <ClCompile Include="..\src\Game.cpp" />
    <ClCompile Include="..\src\main.cpp" />
    <ClCompile Include="..\src\Shader.cpp" />
    <ClCompile Include="..\src\GraphicsSystem.cpp">
      <Filter>Engine\Systems</Filter>
    </ClCompile>
    <ClCompile Include="..\src\Parsers.cpp">
      <Filter>Engine</Filter>
    </ClCompile>
    <ClCompile Include="..\src\linmath.cpp">
      <Filter>Common</Filter>
    </ClCompile>
  </ItemGroup>
  <ItemGroup>
    <ClInclude Include="..\src\extern.h" />
    <ClInclude Include="..\src\Game.h" />
    <ClInclude Include="..\src\Shader.h" />
    <ClInclude Include="..\src\GraphicsSystem.h">
      <Filter>Engine\Systems</Filter>
    </ClInclude>
    <ClInclude Include="..\src\EntityComponentStore.h">
      <Filter>Engine</Filter>
    </ClInclude>
    <ClInclude Include="..\src\Components.h">
      <Filter>Engine</Filter>
    </ClInclude>
    <ClInclude Include="..\src\Parsers.h">
      <Filter>Engine</Filter>
    </ClInclude>
    <ClInclude Include="..\src\includes.h">
      <Filter>Common</Filter>
    </ClInclude>
    <ClInclude Include="..\src\linmath.h">
      <Filter>Common</Filter>
    </ClInclude>
  </ItemGroup>
  <ItemGroup>
    <Filter Include="Engine">
      <UniqueIdentifier>{d5c8c63b-5dc2-43a9-a3a7-d87db7e81ea1}</UniqueIdentifier>
    </Filter>
    <Filter Include="Common">
      <UniqueIdentifier>{2a0f079a-f704-46f1-93fa-63d64c26da19}</UniqueIdentifier>
    </Filter>
    <Filter Include="Engine\Systems">
      <UniqueIdentifier>{5e640f17-34da-41b8-b64f-ee22c0ad4558}</UniqueIdentifier>
    </Filter>
  </ItemGroup>
</Project>