// !$*UTF8*$!
{
	archiveVersion = 1;
	classes = {
	};
	objectVersion = 48;
	objects = {

/* Begin PBXBuildFile section */
		B79D7298205FE968003DC592 /* IOKit.framework in Frameworks */ = {isa = PBXBuildFile; fileRef = B79D7297205FE968003DC592 /* IOKit.framework */; };
		B79D729A205FE968003DC592 /* OpenGL.framework in Frameworks */ = {isa = PBXBuildFile; fileRef = B79D7299205FE968003DC592 /* OpenGL.framework */; };
		B79D729C205FE968003DC592 /* CoreVideo.framework in Frameworks */ = {isa = PBXBuildFile; fileRef = B79D729B205FE968003DC592 /* CoreVideo.framework */; };
		B79D729E205FE968003DC592 /* Cocoa.framework in Frameworks */ = {isa = PBXBuildFile; fileRef = B79D729D205FE968003DC592 /* Cocoa.framework */; };
		B79D72A6205FE979003DC592 /* libGLEW.a in Frameworks */ = {isa = PBXBuildFile; fileRef = B79D72A4205FE979003DC592 /* libGLEW.a */; };
		B79D72A7205FE979003DC592 /* libglfw3.a in Frameworks */ = {isa = PBXBuildFile; fileRef = B79D72A5205FE979003DC592 /* libglfw3.a */; };
		B79D72A9205FE992003DC592 /* data in CopyFiles */ = {isa = PBXBuildFile; fileRef = B79D72A8205FE992003DC592 /* data */; };
		B79D72C2205FE9A6003DC592 /* Game.cpp in Sources */ = {isa = PBXBuildFile; fileRef = B79D72AD205FE99D003DC592 /* Game.cpp */; };
		B79D72C3205FE9A6003DC592 /* GraphicsSystem.cpp in Sources */ = {isa = PBXBuildFile; fileRef = B79D72AE205FE99D003DC592 /* GraphicsSystem.cpp */; };
		B79D72C4205FE9A6003DC592 /* linmath.cpp in Sources */ = {isa = PBXBuildFile; fileRef = B79D72B1205FE99D003DC592 /* linmath.cpp */; };
		B79D72C5205FE9A6003DC592 /* main.cpp in Sources */ = {isa = PBXBuildFile; fileRef = B79D72B3205FE99D003DC592 /* main.cpp */; };
		B79D72C6205FE9A6003DC592 /* Parsers.cpp in Sources */ = {isa = PBXBuildFile; fileRef = B79D72B0205FE99D003DC592 /* Parsers.cpp */; };
		B79D72C7205FE9A6003DC592 /* Shader.cpp in Sources */ = {isa = PBXBuildFile; fileRef = B79D72B5205FE99D003DC592 /* Shader.cpp */; };
		B79D72C8205FE9A6003DC592 /* Texture.cpp in Sources */ = {isa = PBXBuildFile; fileRef = B79D72B8205FE99D003DC592 /* Texture.cpp */; };
/* End PBXBuildFile section */

/* Begin PBXCopyFilesBuildPhase section */
		B79D7292205FE968003DC592 /* CopyFiles */ = {
			isa = PBXCopyFilesBuildPhase;
			buildActionMask = 2147483647;
			dstPath = "";
			dstSubfolderSpec = 16;
			files = (
				B79D72A9205FE992003DC592 /* data in CopyFiles */,
			);
			runOnlyForDeploymentPostprocessing = 0;
		};
/* End PBXCopyFilesBuildPhase section */

/* Begin PBXFileReference section */
		B79D7294205FE968003DC592 /* 12-GraphicsSystem */ = {isa = PBXFileReference; explicitFileType = "compiled.mach-o.executable"; includeInIndex = 0; path = "12-GraphicsSystem"; sourceTree = BUILT_PRODUCTS_DIR; };
		B79D7297205FE968003DC592 /* IOKit.framework */ = {isa = PBXFileReference; lastKnownFileType = wrapper.framework; name = IOKit.framework; path = System/Library/Frameworks/IOKit.framework; sourceTree = SDKROOT; };
		B79D7299205FE968003DC592 /* OpenGL.framework */ = {isa = PBXFileReference; lastKnownFileType = wrapper.framework; name = OpenGL.framework; path = System/Library/Frameworks/OpenGL.framework; sourceTree = SDKROOT; };
		B79D729B205FE968003DC592 /* CoreVideo.framework */ = {isa = PBXFileReference; lastKnownFileType = wrapper.framework; name = CoreVideo.framework; path = System/Library/Frameworks/CoreVideo.framework; sourceTree = SDKROOT; };
		B79D729D205FE968003DC592 /* Cocoa.framework */ = {isa = PBXFileReference; lastKnownFileType = wrapper.framework; name = Cocoa.framework; path = System/Library/Frameworks/Cocoa.framework; sourceTree = SDKROOT; };
		B79D72A4205FE979003DC592 /* libGLEW.a */ = {isa = PBXFileReference; lastKnownFileType = archive.ar; name = libGLEW.a; path = ../../../../../../../../../../usr/local/Cellar/glew/2.1.0/lib/libGLEW.a; sourceTree = "<group>"; };
		B79D72A5205FE979003DC592 /* libglfw3.a */ = {isa = PBXFileReference; lastKnownFileType = archive.ar; name = libglfw3.a; path = ../../../../../../../../../../usr/local/lib/libglfw3.a; sourceTree = "<group>"; };
		B79D72A8205FE992003DC592 /* data */ = {isa = PBXFileReference; lastKnownFileType = folder; name = data; path = ../data; sourceTree = "<group>"; };
		B79D72AA205FE99C003DC592 /* GraphicsSystem.h */ = {isa = PBXFileReference; lastKnownFileType = sourcecode.c.h; name = GraphicsSystem.h; path = ../src/GraphicsSystem.h; sourceTree = "<group>"; };
		B79D72AB205FE99C003DC592 /* Parsers.h */ = {isa = PBXFileReference; lastKnownFileType = sourcecode.c.h; name = Parsers.h; path = ../src/Parsers.h; sourceTree = "<group>"; };
		B79D72AC205FE99D003DC592 /* includes.h */ = {isa = PBXFileReference; lastKnownFileType = sourcecode.c.h; name = includes.h; path = ../src/includes.h; sourceTree = "<group>"; };
		B79D72AD205FE99D003DC592 /* Game.cpp */ = {isa = PBXFileReference; lastKnownFileType = sourcecode.cpp.cpp; name = Game.cpp; path = ../src/Game.cpp; sourceTree = "<group>"; };
		B79D72AE205FE99D003DC592 /* GraphicsSystem.cpp */ = {isa = PBXFileReference; lastKnownFileType = sourcecode.cpp.cpp; name = GraphicsSystem.cpp; path = ../src/GraphicsSystem.cpp; sourceTree = "<group>"; };
		B79D72AF205FE99D003DC592 /* Texture.h */ = {isa = PBXFileReference; lastKnownFileType = sourcecode.c.h; name = Texture.h; path = ../src/Texture.h; sourceTree = "<group>"; };
		B79D72B0205FE99D003DC592 /* Parsers.cpp */ = {isa = PBXFileReference; lastKnownFileType = sourcecode.cpp.cpp; name = Parsers.cpp; path = ../src/Parsers.cpp; sourceTree = "<group>"; };
		B79D72B1205FE99D003DC592 /* linmath.cpp */ = {isa = PBXFileReference; lastKnownFileType = sourcecode.cpp.cpp; name = linmath.cpp; path = ../src/linmath.cpp; sourceTree = "<group>"; };
		B79D72B2205FE99D003DC592 /* Shader.h */ = {isa = PBXFileReference; lastKnownFileType = sourcecode.c.h; name = Shader.h; path = ../src/Shader.h; sourceTree = "<group>"; };
		B79D72B3205FE99D003DC592 /* main.cpp */ = {isa = PBXFileReference; lastKnownFileType = sourcecode.cpp.cpp; name = main.cpp; path = ../src/main.cpp; sourceTree = "<group>"; };
		B79D72B4205FE99D003DC592 /* Components.h */ = {isa = PBXFileReference; lastKnownFileType = sourcecode.c.h; name = Components.h; path = ../src/Components.h; sourceTree = "<group>"; };
		B79D72B5205FE99D003DC592 /* Shader.cpp */ = {isa = PBXFileReference; lastKnownFileType = sourcecode.cpp.cpp; name = Shader.cpp; path = ../src/Shader.cpp; sourceTree = "<group>"; };
		B79D72B6205FE99D003DC592 /* EntityComponentStore.h */ = {isa = PBXFileReference; lastKnownFileType = sourcecode.c.h; name = EntityComponentStore.h; path = ../src/EntityComponentStore.h; sourceTree = "<group>"; };
		B79D72B7205FE99D003DC592 /* Game.h */ = {isa = PBXFileReference; lastKnownFileType = sourcecode.c.h; name = Game.h; path = ../src/Game.h; sourceTree = "<group>"; };
		B79D72B8205FE99D003DC592 /* Texture.cpp */ = {isa = PBXFileReference; lastKnownFileType = sourcecode.cpp.cpp; name = Texture.cpp; path = ../src/Texture.cpp; sourceTree = "<group>"; };
		B79D72B9205FE99D003DC592 /* extern.h */ = {isa = PBXFileReference; lastKnownFileType = sourcecode.c.h; name = extern.h; path = ../src/extern.h; sourceTree = "<group>"; };
		B79D72BA205FE99E003DC592 /* linmath.h */ = {isa = PBXFileReference; lastKnownFileType = sourcecode.c.h; name = linmath.h; path = ../src/linmath.h; sourceTree = "<group>"; };
/* End PBXFileReference section */

/* Begin PBXFrameworksBuildPhase section */
		B79D7291205FE968003DC592 /* Frameworks */ = {
			isa = PBXFrameworksBuildPhase;
			buildActionMask = 2147483647;
			files = (
				B79D72A6205FE979003DC592 /* libGLEW.a in Frameworks */,
				B79D72A7205FE979003DC592 /* libglfw3.a in Frameworks */,
				B79D729E205FE968003DC592 /* Cocoa.framework in Frameworks */,
				B79D7298205FE968003DC592 /* IOKit.framework in Frameworks */,
				B79D729A205FE968003DC592 /* OpenGL.framework in Frameworks */,
				B79D729C205FE968003DC592 /* CoreVideo.framework in Frameworks */,
			);
			runOnlyForDeploymentPostprocessing = 0;
		};
/* End PBXFrameworksBuildPhase section */

/* Begin PBXGroup section */
		B79D728B205FE968003DC592 = {
			isa = PBXGroup;
			children = (
				B79D72B4205FE99D003DC592 /* Components.h */,
				B79D72B6205FE99D003DC592 /* EntityComponentStore.h */,
				B79D72B9205FE99D003DC592 /* extern.h */,
				B79D72AD205FE99D003DC592 /* Game.cpp */,
				B79D72B7205FE99D003DC592 /* Game.h */,
				B79D72AE205FE99D003DC592 /* GraphicsSystem.cpp */,
				B79D72AA205FE99C003DC592 /* GraphicsSystem.h */,
				B79D72AC205FE99D003DC592 /* includes.h */,
				B79D72B1205FE99D003DC592 /* linmath.cpp */,
				B79D72BA205FE99E003DC592 /* linmath.h */,
				B79D72B3205FE99D003DC592 /* main.cpp */,
				B79D72B0205FE99D003DC592 /* Parsers.cpp */,
				B79D72AB205FE99C003DC592 /* Parsers.h */,
				B79D72B5205FE99D003DC592 /* Shader.cpp */,
				B79D72B2205FE99D003DC592 /* Shader.h */,
				B79D72B8205FE99D003DC592 /* Texture.cpp */,
				B79D72AF205FE99D003DC592 /* Texture.h */,
				B79D72A8205FE992003DC592 /* data */,
				B79D7296205FE968003DC592 /* Frameworks */,
				B79D7295205FE968003DC592 /* Products */,
			);
			sourceTree = "<group>";
		};
		B79D7295205FE968003DC592 /* Products */ = {
			isa = PBXGroup;
			children = (
				B79D7294205FE968003DC592 /* 12-GraphicsSystem */,
			);
			name = Products;
			sourceTree = "<group>";
		};
		B79D7296205FE968003DC592 /* Frameworks */ = {
			isa = PBXGroup;
			children = (
				B79D72A4205FE979003DC592 /* libGLEW.a */,
				B79D72A5205FE979003DC592 /* libglfw3.a */,
				B79D7297205FE968003DC592 /* IOKit.framework */,
				B79D7299205FE968003DC592 /* OpenGL.framework */,
				B79D729B205FE968003DC592 /* CoreVideo.framework */,
				B79D729D205FE968003DC592 /* Cocoa.framework */,
			);
			name = Frameworks;
			sourceTree = "<group>";
		};
/* End PBXGroup section */

/* Begin PBXNativeTarget section */
		B79D7293205FE968003DC592 /* 12-GraphicsSystem */ = {
			isa = PBXNativeTarget;
			buildConfigurationList = B79D72A1205FE968003DC592 /* Build configuration list for PBXNativeTarget "12-GraphicsSystem" */;
			buildPhases = (
				B79D7290205FE968003DC592 /* Sources */,
				B79D7291205FE968003DC592 /* Frameworks */,
				B79D7292205FE968003DC592 /* CopyFiles */,
			);
			buildRules = (
			);
			dependencies = (
			);
			name = "12-GraphicsSystem";
			productName = "12-GraphicsSystem";
			productReference = B79D7294205FE968003DC592 /* 12-GraphicsSystem */;
			productType = "com.apple.product-type.tool";
		};
/* End PBXNativeTarget section */

/* Begin PBXProject section */
		B79D728C205FE968003DC592 /* Project object */ = {
			isa = PBXProject;
			attributes = {
				LastUpgradeCheck = 0900;
				ORGANIZATIONNAME = OpenGL_Book;
				TargetAttributes = {
					B79D7293205FE968003DC592 = {
						CreatedOnToolsVersion = 9.0;
						ProvisioningStyle = Automatic;
					};
				};
			};
			buildConfigurationList = B79D728F205FE968003DC592 /* Build configuration list for PBXProject "12-GraphicsSystem" */;
			compatibilityVersion = "Xcode 8.0";
			developmentRegion = en;
			hasScannedForEncodings = 0;
			knownRegions = (
				en,
			);
			mainGroup = B79D728B205FE968003DC592;
			productRefGroup = B79D7295205FE968003DC592 /* Products */;
			projectDirPath = "";
			projectRoot = "";
			targets = (
				B79D7293205FE968003DC592 /* 12-GraphicsSystem */,
			);
		};
/* End PBXProject section */

/* Begin PBXSourcesBuildPhase section */
		B79D7290205FE968003DC592 /* Sources */ = {
			isa = PBXSourcesBuildPhase;
			buildActionMask = 2147483647;
			files = (
				B79D72C2205FE9A6003DC592 /* Game.cpp in Sources */,
				B79D72C8205FE9A6003DC592 /* Texture.cpp in Sources */,
				B79D72C3205FE9A6003DC592 /* GraphicsSystem.cpp in Sources */,
				B79D72C6205FE9A6003DC592 /* Parsers.cpp in Sources */,
				B79D72C5205FE9A6003DC592 /* main.cpp in Sources */,
				B79D72C7205FE9A6003DC592 /* Shader.cpp in Sources */,
				B79D72C4205FE9A6003DC592 /* linmath.cpp in Sources */,
			);
			runOnlyForDeploymentPostprocessing = 0;
		};
/* End PBXSourcesBuildPhase section */

/* Begin XCBuildConfiguration section */
		B79D729F205FE968003DC592 /* Debug */ = {
			isa = XCBuildConfiguration;
			buildSettings = {
				ALWAYS_SEARCH_USER_PATHS = NO;
				CLANG_ANALYZER_NONNULL = YES;
				CLANG_ANALYZER_NUMBER_OBJECT_CONVERSION = YES_AGGRESSIVE;
				CLANG_CXX_LANGUAGE_STANDARD = "gnu++14";
				CLANG_CXX_LIBRARY = "libc++";
				CLANG_ENABLE_MODULES = YES;
				CLANG_ENABLE_OBJC_ARC = YES;
				CLANG_WARN_BLOCK_CAPTURE_AUTORELEASING = YES;
				CLANG_WARN_BOOL_CONVERSION = YES;
				CLANG_WARN_COMMA = YES;
				CLANG_WARN_CONSTANT_CONVERSION = YES;
				CLANG_WARN_DIRECT_OBJC_ISA_USAGE = YES_ERROR;
				CLANG_WARN_DOCUMENTATION_COMMENTS = YES;
				CLANG_WARN_EMPTY_BODY = YES;
				CLANG_WARN_ENUM_CONVERSION = YES;
				CLANG_WARN_INFINITE_RECURSION = YES;
				CLANG_WARN_INT_CONVERSION = YES;
				CLANG_WARN_NON_LITERAL_NULL_CONVERSION = YES;
				CLANG_WARN_OBJC_LITERAL_CONVERSION = YES;
				CLANG_WARN_OBJC_ROOT_CLASS = YES_ERROR;
				CLANG_WARN_RANGE_LOOP_ANALYSIS = YES;
				CLANG_WARN_STRICT_PROTOTYPES = YES;
				CLANG_WARN_SUSPICIOUS_MOVE = YES;
				CLANG_WARN_UNGUARDED_AVAILABILITY = YES_AGGRESSIVE;
				CLANG_WARN_UNREACHABLE_CODE = YES;
				CLANG_WARN__DUPLICATE_METHOD_MATCH = YES;
				CODE_SIGN_IDENTITY = "-";
				COPY_PHASE_STRIP = NO;
				DEBUG_INFORMATION_FORMAT = dwarf;
				ENABLE_STRICT_OBJC_MSGSEND = YES;
				ENABLE_TESTABILITY = YES;
				GCC_C_LANGUAGE_STANDARD = gnu11;
				GCC_DYNAMIC_NO_PIC = NO;
				GCC_NO_COMMON_BLOCKS = YES;
				GCC_OPTIMIZATION_LEVEL = 0;
				GCC_PREPROCESSOR_DEFINITIONS = (
					"DEBUG=1",
					"$(inherited)",
				);
				GCC_WARN_64_TO_32_BIT_CONVERSION = YES;
				GCC_WARN_ABOUT_RETURN_TYPE = YES_ERROR;
				GCC_WARN_UNDECLARED_SELECTOR = YES;
				GCC_WARN_UNINITIALIZED_AUTOS = YES_AGGRESSIVE;
				GCC_WARN_UNUSED_FUNCTION = YES;
				GCC_WARN_UNUSED_VARIABLE = YES;
				MACOSX_DEPLOYMENT_TARGET = 10.12;
				MTL_ENABLE_DEBUG_INFO = YES;
				ONLY_ACTIVE_ARCH = YES;
				SDKROOT = macosx;
			};
			name = Debug;
		};
		B79D72A0205FE968003DC592 /* Release */ = {
			isa = XCBuildConfiguration;
			buildSettings = {
				ALWAYS_SEARCH_USER_PATHS = NO;
				CLANG_ANALYZER_NONNULL = YES;
				CLANG_ANALYZER_NUMBER_OBJECT_CONVERSION = YES_AGGRESSIVE;
				CLANG_CXX_LANGUAGE_STANDARD = "gnu++14";
				CLANG_CXX_LIBRARY = "libc++";
				CLANG_ENABLE_MODULES = YES;
				CLANG_ENABLE_OBJC_ARC = YES;
				CLANG_WARN_BLOCK_CAPTURE_AUTORELEASING = YES;
				CLANG_WARN_BOOL_CONVERSION = YES;
				CLANG_WARN_COMMA = YES;
				CLANG_WARN_CONSTANT_CONVERSION = YES;
				CLANG_WARN_DIRECT_OBJC_ISA_USAGE = YES_ERROR;
				CLANG_WARN_DOCUMENTATION_COMMENTS = YES;
				CLANG_WARN_EMPTY_BODY = YES;
				CLANG_WARN_ENUM_CONVERSION = YES;
				CLANG_WARN_INFINITE_RECURSION = YES;
				CLANG_WARN_INT_CONVERSION = YES;
				CLANG_WARN_NON_LITERAL_NULL_CONVERSION = YES;
				CLANG_WARN_OBJC_LITERAL_CONVERSION = YES;
				CLANG_WARN_OBJC_ROOT_CLASS = YES_ERROR;
				CLANG_WARN_RANGE_LOOP_ANALYSIS = YES;
				CLANG_WARN_STRICT_PROTOTYPES = YES;
				CLANG_WARN_SUSPICIOUS_MOVE = YES;
				CLANG_WARN_UNGUARDED_AVAILABILITY = YES_AGGRESSIVE;
				CLANG_WARN_UNREACHABLE_CODE = YES;
				CLANG_WARN__DUPLICATE_METHOD_MATCH = YES;
				CODE_SIGN_IDENTITY = "-";
				COPY_PHASE_STRIP = NO;
				DEBUG_INFORMATION_FORMAT = "dwarf-with-dsym";
				ENABLE_NS_ASSERTIONS = NO;
				ENABLE_STRICT_OBJC_MSGSEND = YES;
				GCC_C_LANGUAGE_STANDARD = gnu11;
				GCC_NO_COMMON_BLOCKS = YES;
				GCC_WARN_64_TO_32_BIT_CONVERSION = YES;
				GCC_WARN_ABOUT_RETURN_TYPE = YES_ERROR;
				GCC_WARN_UNDECLARED_SELECTOR = YES;
				GCC_WARN_UNINITIALIZED_AUTOS = YES_AGGRESSIVE;
				GCC_WARN_UNUSED_FUNCTION = YES;
				GCC_WARN_UNUSED_VARIABLE = YES;
				MACOSX_DEPLOYMENT_TARGET = 10.12;
				MTL_ENABLE_DEBUG_INFO = NO;
				SDKROOT = macosx;
			};
			name = Release;
		};
		B79D72A2205FE968003DC592 /* Debug */ = {
			isa = XCBuildConfiguration;
			buildSettings = {
				CLANG_WARN_DOCUMENTATION_COMMENTS = NO;
				CODE_SIGN_STYLE = Automatic;
				GCC_PREPROCESSOR_DEFINITIONS = "DEBUG_BUILD=1";
				HEADER_SEARCH_PATHS = /usr/local/include;
				LIBRARY_SEARCH_PATHS = (
					/usr/local/Cellar/glew/2.1.0/lib,
					/usr/local/lib,
				);
				PRODUCT_NAME = "$(TARGET_NAME)";
			};
			name = Debug;
		};
		B79D72A3205FE968003DC592 /* Release */ = {
			isa = XCBuildConfiguration;
			buildSettings = {
				CLANG_WARN_DOCUMENTATION_COMMENTS = NO;
				CODE_SIGN_STYLE = Automatic;
				GCC_PREPROCESSOR_DEFINITIONS = "RELEASE_BUILD=1";
				HEADER_SEARCH_PATHS = /usr/local/include;
				LIBRARY_SEARCH_PATHS = (
					/usr/local/Cellar/glew/2.1.0/lib,
					/usr/local/lib,
				);
				PRODUCT_NAME = "$(TARGET_NAME)";
			};
			name = Release;
		};
/* End XCBuildConfiguration section */

/* Begin XCConfigurationList section */
		B79D728F205FE968003DC592 /* Build configuration list for PBXProject "12-GraphicsSystem" */ = {
			isa = XCConfigurationList;
			buildConfigurations = (
				B79D729F205FE968003DC592 /* Debug */,
				B79D72A0205FE968003DC592 /* Release */,
			);
			defaultConfigurationIsVisible = 0;
			defaultConfigurationName = Release;
		};
		B79D72A1205FE968003DC592 /* Build configuration list for PBXNativeTarget "12-GraphicsSystem" */ = {
			isa = XCConfigurationList;
			buildConfigurations = (
				B79D72A2205FE968003DC592 /* Debug */,
				B79D72A3205FE968003DC592 /* Release */,
			);
			defaultConfigurationIsVisible = 0;
			defaultConfigurationName = Release;
		};
/* End XCConfigurationList section */
	};
	rootObject = B79D728C205FE968003DC592 /* Project object */;
}
